
Microsoft Visual Studio Solution File, Format Version 12.00
# Visual Studio Version 17
VisualStudioVersion = 17.4.33403.182
MinimumVisualStudioVersion = 10.0.40219.1
Project("{FAE04EC0-301F-11D3-BF4B-00C04F79EFBC}") = "Kontas.SecurityTokenService", "Kontas.SecurityTokenService\Kontas.SecurityTokenService.csproj", "{C76F41FD-22DA-4F03-9560-2036355A8639}"
EndProject
Project("{FAE04EC0-301F-11D3-BF4B-00C04F79EFBC}") = "Kontas.Core", "Kontas.Core\Kontas.Core.csproj", "{C78513F1-496E-47B1-A695-BA89D5146D82}"
EndProject
Global
	GlobalSection(SolutionConfigurationPlatforms) = preSolution
		Debug|Any CPU = Debug|Any CPU
		Release|Any CPU = Release|Any CPU
	EndGlobalSection
	GlobalSection(ProjectConfigurationPlatforms) = postSolution
		{C76F41FD-22DA-4F03-9560-2036355A8639}.Debug|Any CPU.ActiveCfg = Debug|Any CPU
		{C76F41FD-22DA-4F03-9560-2036355A8639}.Debug|Any CPU.Build.0 = Debug|Any CPU
		{C76F41FD-22DA-4F03-9560-2036355A8639}.Release|Any CPU.ActiveCfg = Release|Any CPU
		{C76F41FD-22DA-4F03-9560-2036355A8639}.Release|Any CPU.Build.0 = Release|Any CPU
		{C78513F1-496E-47B1-A695-BA89D5146D82}.Debug|Any CPU.ActiveCfg = Debug|Any CPU
		{C78513F1-496E-47B1-A695-BA89D5146D82}.Debug|Any CPU.Build.0 = Debug|Any CPU
		{C78513F1-496E-47B1-A695-BA89D5146D82}.Release|Any CPU.ActiveCfg = Release|Any CPU
		{C78513F1-496E-47B1-A695-BA89D5146D82}.Release|Any CPU.Build.0 = Release|Any CPU
	EndGlobalSection
	GlobalSection(SolutionProperties) = preSolution
		HideSolutionNode = FALSE
	EndGlobalSection
	GlobalSection(ExtensibilityGlobals) = postSolution
		SolutionGuid = {5C7C77E9-A2FB-440D-95E8-A803C0020C9B}
	EndGlobalSection
EndGlobal
