
Microsoft Visual Studio Solution File, Format Version 12.00
# Visual Studio Version 17
VisualStudioVersion = 17.5.33516.290
MinimumVisualStudioVersion = 10.0.40219.1
Project("{9A19103F-16F7-4668-BE54-9A1E7A4F7556}") = "Kontas.STS", "Kontas.STS\Kontas.STS.csproj", "{DEDE6A58-F6DB-4DF4-A475-85F36BFD8A56}"
EndProject
Project("{9A19103F-16F7-4668-BE54-9A1E7A4F7556}") = "Kontas.API", "Kontas.API\Kontas.API.csproj", "{B7BCA321-A545-4A4B-87EF-32D15985A883}"
EndProject
Project("{00D1A9C2-B5F0-4AF3-8072-F6C62B433612}") = "Kontas.Database", "Kontas.Database\Kontas.Database.sqlproj", "{72C78134-0BFF-4076-AB5A-2BE550ABA92B}"
EndProject
Global
	GlobalSection(SolutionConfigurationPlatforms) = preSolution
		Debug|Any CPU = Debug|Any CPU
		Release|Any CPU = Release|Any CPU
	EndGlobalSection
	GlobalSection(ProjectConfigurationPlatforms) = postSolution
		{DEDE6A58-F6DB-4DF4-A475-85F36BFD8A56}.Debug|Any CPU.ActiveCfg = Debug|Any CPU
		{DEDE6A58-F6DB-4DF4-A475-85F36BFD8A56}.Debug|Any CPU.Build.0 = Debug|Any CPU
		{DEDE6A58-F6DB-4DF4-A475-85F36BFD8A56}.Release|Any CPU.ActiveCfg = Release|Any CPU
		{DEDE6A58-F6DB-4DF4-A475-85F36BFD8A56}.Release|Any CPU.Build.0 = Release|Any CPU
		{B7BCA321-A545-4A4B-87EF-32D15985A883}.Debug|Any CPU.ActiveCfg = Debug|Any CPU
		{B7BCA321-A545-4A4B-87EF-32D15985A883}.Debug|Any CPU.Build.0 = Debug|Any CPU
		{B7BCA321-A545-4A4B-87EF-32D15985A883}.Release|Any CPU.ActiveCfg = Release|Any CPU
		{B7BCA321-A545-4A4B-87EF-32D15985A883}.Release|Any CPU.Build.0 = Release|Any CPU
		{72C78134-0BFF-4076-AB5A-2BE550ABA92B}.Debug|Any CPU.ActiveCfg = Debug|Any CPU
		{72C78134-0BFF-4076-AB5A-2BE550ABA92B}.Debug|Any CPU.Build.0 = Debug|Any CPU
		{72C78134-0BFF-4076-AB5A-2BE550ABA92B}.Debug|Any CPU.Deploy.0 = Debug|Any CPU
		{72C78134-0BFF-4076-AB5A-2BE550ABA92B}.Release|Any CPU.ActiveCfg = Release|Any CPU
		{72C78134-0BFF-4076-AB5A-2BE550ABA92B}.Release|Any CPU.Build.0 = Release|Any CPU
		{72C78134-0BFF-4076-AB5A-2BE550ABA92B}.Release|Any CPU.Deploy.0 = Release|Any CPU
	EndGlobalSection
	GlobalSection(SolutionProperties) = preSolution
		HideSolutionNode = FALSE
	EndGlobalSection
	GlobalSection(ExtensibilityGlobals) = postSolution
		SolutionGuid = {A67E47F7-3D85-4359-A6CD-94FFDA0AA9F8}
	EndGlobalSection
EndGlobal
